
Microsoft Visual Studio Solution File, Format Version 12.00
# Visual Studio Version 17
VisualStudioVersion = 17.14.36623.8 d17.14
MinimumVisualStudioVersion = 10.0.40219.1
Project("{8BC9CEB8-8B4A-11D0-8D11-00A0C91BC942}") = "demo01", "demo01\demo01.vcxproj", "{83C3C0DF-62FA-4C31-98B4-81B613AD9A49}"
EndProject
Global
	GlobalSection(SolutionConfigurationPlatforms) = preSolution
		Debug|x64 = Debug|x64
		Debug|x86 = Debug|x86
		Release|x64 = Release|x64
		Release|x86 = Release|x86
	EndGlobalSection
	GlobalSection(ProjectConfigurationPlatforms) = postSolution
		{83C3C0DF-62FA-4C31-98B4-81B613AD9A49}.Debug|x64.ActiveCfg = Debug|x64
		{83C3C0DF-62FA-4C31-98B4-81B613AD9A49}.Debug|x64.Build.0 = Debug|x64
		{83C3C0DF-62FA-4C31-98B4-81B613AD9A49}.Debug|x86.ActiveCfg = Debug|Win32
		{83C3C0DF-62FA-4C31-98B4-81B613AD9A49}.Debug|x86.Build.0 = Debug|Win32
		{83C3C0DF-62FA-4C31-98B4-81B613AD9A49}.Release|x64.ActiveCfg = Release|x64
		{83C3C0DF-62FA-4C31-98B4-81B613AD9A49}.Release|x64.Build.0 = Release|x64
		{83C3C0DF-62FA-4C31-98B4-81B613AD9A49}.Release|x86.ActiveCfg = Release|Win32
		{83C3C0DF-62FA-4C31-98B4-81B613AD9A49}.Release|x86.Build.0 = Release|Win32
	EndGlobalSection
	GlobalSection(SolutionProperties) = preSolution
		HideSolutionNode = FALSE
	EndGlobalSection
	GlobalSection(ExtensibilityGlobals) = postSolution
		SolutionGuid = {C4F9AB6A-31EF-4F9F-A246-4190CFA520D4}
	EndGlobalSection
EndGlobal
